
Microsoft Visual Studio Solution File, Format Version 12.00
# Visual Studio 15
VisualStudioVersion = 15.0.28307.645
MinimumVisualStudioVersion = 10.0.40219.1
Project("{FAE04EC0-301F-11D3-BF4B-00C04F79EFBC}") = "COMP123-S2019-A5-301043607", "COMP123-S2019-A5-301043607\COMP123-S2019-A5-301043607.csproj", "{80A8AD08-BBAD-4877-AA58-B5B0A1864E65}"
EndProject
Global
	GlobalSection(SolutionConfigurationPlatforms) = preSolution
		Debug|Any CPU = Debug|Any CPU
		Release|Any CPU = Release|Any CPU
	EndGlobalSection
	GlobalSection(ProjectConfigurationPlatforms) = postSolution
		{80A8AD08-BBAD-4877-AA58-B5B0A1864E65}.Debug|Any CPU.ActiveCfg = Debug|Any CPU
		{80A8AD08-BBAD-4877-AA58-B5B0A1864E65}.Debug|Any CPU.Build.0 = Debug|Any CPU
		{80A8AD08-BBAD-4877-AA58-B5B0A1864E65}.Release|Any CPU.ActiveCfg = Release|Any CPU
		{80A8AD08-BBAD-4877-AA58-B5B0A1864E65}.Release|Any CPU.Build.0 = Release|Any CPU
	EndGlobalSection
	GlobalSection(SolutionProperties) = preSolution
		HideSolutionNode = FALSE
	EndGlobalSection
	GlobalSection(ExtensibilityGlobals) = postSolution
		SolutionGuid = {964748E6-9B4C-4B79-B20A-06181C5DA2ED}
	EndGlobalSection
EndGlobal
